# This file is automatically @generated by Cargo.
# It is not intended for manual editing.
version = 3

[[package]]
name = "libc"
version = "0.2.124"
source = "registry+https://github.com/rust-lang/crates.io-index"
checksum = "21a41fed9d98f27ab1c6d161da622a4fa35e8a54a8adc24bbf3ddd0ef70b0e50"

[[package]]
name = "memmap2"
version = "0.5.3"
source = "registry+https://github.com/rust-lang/crates.io-index"
checksum = "057a3db23999c867821a7a59feb06a578fcb03685e983dff90daf9e7d24ac08f"
dependencies = [
 "libc",
]

[[package]]
name = "patternscan"
version = "1.2.0"
source = "registry+https://github.com/rust-lang/crates.io-index"
checksum = "cbf9ac94ae7c3d7f743ec57e0b6b05077631c1a90c6cea9b162a69efa6d6bbde"

[[package]]
name = "the_davinci_code"
version = "0.1.0"
dependencies = [
 "memmap2",
 "patternscan",
]
